
Microsoft Visual Studio Solution File, Format Version 12.00
# Visual Studio Version 16
VisualStudioVersion = 16.0.32630.194
MinimumVisualStudioVersion = 10.0.40219.1
Project("{FAE04EC0-301F-11D3-BF4B-00C04F79EFBC}") = "Foody", "Foody\Foody.csproj", "{3C28A49E-0D85-4BEC-9B1E-7DCA105F9479}"
EndProject
Project("{FAE04EC0-301F-11D3-BF4B-00C04F79EFBC}") = "Foody.Lib", "Foody.Lib\Foody.Lib.csproj", "{80F91C95-8AC6-48E1-A5B1-9C1621E55B9D}"
EndProject
Global
	GlobalSection(SolutionConfigurationPlatforms) = preSolution
		Debug|Any CPU = Debug|Any CPU
		Release|Any CPU = Release|Any CPU
	EndGlobalSection
	GlobalSection(ProjectConfigurationPlatforms) = postSolution
		{3C28A49E-0D85-4BEC-9B1E-7DCA105F9479}.Debug|Any CPU.ActiveCfg = Debug|Any CPU
		{3C28A49E-0D85-4BEC-9B1E-7DCA105F9479}.Debug|Any CPU.Build.0 = Debug|Any CPU
		{3C28A49E-0D85-4BEC-9B1E-7DCA105F9479}.Release|Any CPU.ActiveCfg = Release|Any CPU
		{3C28A49E-0D85-4BEC-9B1E-7DCA105F9479}.Release|Any CPU.Build.0 = Release|Any CPU
		{80F91C95-8AC6-48E1-A5B1-9C1621E55B9D}.Debug|Any CPU.ActiveCfg = Debug|Any CPU
		{80F91C95-8AC6-48E1-A5B1-9C1621E55B9D}.Debug|Any CPU.Build.0 = Debug|Any CPU
		{80F91C95-8AC6-48E1-A5B1-9C1621E55B9D}.Release|Any CPU.ActiveCfg = Release|Any CPU
		{80F91C95-8AC6-48E1-A5B1-9C1621E55B9D}.Release|Any CPU.Build.0 = Release|Any CPU
	EndGlobalSection
	GlobalSection(SolutionProperties) = preSolution
		HideSolutionNode = FALSE
	EndGlobalSection
	GlobalSection(ExtensibilityGlobals) = postSolution
		SolutionGuid = {F9B6552D-C235-42F4-B268-12EEAD6523AF}
	EndGlobalSection
EndGlobal
